lockfileVersion: '6.0'

devDependencies:
  marked:
    specifier: ^5.0.0
    version: 5.0.0

packages:

  /marked@5.0.0:
    resolution: {integrity: sha512-YQ6+L9l/NSBDjFgCQQebmTCc62EUdZ5RpIZ7A/FmC8IYMB5s7Cz8sT7imuMAkbIL4CvXpQLdW45fpK5UwiU7DA==}
    engines: {node: '>= 18'}
    hasBin: true
    dev: true
